
Microsoft Visual Studio Solution File, Format Version 12.00
# Visual Studio Version 17
VisualStudioVersion = 17.0.31903.59
MinimumVisualStudioVersion = 10.0.40219.1
Project("{F2A71F9B-5D33-465A-A702-920D77279786}") = "src", "src\src.fsproj", "{4F2C0158-C3DE-4A0C-9C2D-AC54C71E3E5F}"
EndProject
Project("{F2A71F9B-5D33-465A-A702-920D77279786}") = "test", "test\test.fsproj", "{51AC434B-9D99-4C6C-BFF1-9BBA179D5E6F}"
EndProject
Global
	GlobalSection(SolutionConfigurationPlatforms) = preSolution
		Debug|Any CPU = Debug|Any CPU
		Release|Any CPU = Release|Any CPU
	EndGlobalSection
	GlobalSection(SolutionProperties) = preSolution
		HideSolutionNode = FALSE
	EndGlobalSection
	GlobalSection(ProjectConfigurationPlatforms) = postSolution
		{4F2C0158-C3DE-4A0C-9C2D-AC54C71E3E5F}.Debug|Any CPU.ActiveCfg = Debug|Any CPU
		{4F2C0158-C3DE-4A0C-9C2D-AC54C71E3E5F}.Debug|Any CPU.Build.0 = Debug|Any CPU
		{4F2C0158-C3DE-4A0C-9C2D-AC54C71E3E5F}.Release|Any CPU.ActiveCfg = Release|Any CPU
		{4F2C0158-C3DE-4A0C-9C2D-AC54C71E3E5F}.Release|Any CPU.Build.0 = Release|Any CPU
		{51AC434B-9D99-4C6C-BFF1-9BBA179D5E6F}.Debug|Any CPU.ActiveCfg = Debug|Any CPU
		{51AC434B-9D99-4C6C-BFF1-9BBA179D5E6F}.Debug|Any CPU.Build.0 = Debug|Any CPU
		{51AC434B-9D99-4C6C-BFF1-9BBA179D5E6F}.Release|Any CPU.ActiveCfg = Release|Any CPU
		{51AC434B-9D99-4C6C-BFF1-9BBA179D5E6F}.Release|Any CPU.Build.0 = Release|Any CPU
	EndGlobalSection
EndGlobal
